
Microsoft Visual Studio Solution File, Format Version 12.00
# Visual Studio Version 16
VisualStudioVersion = 16.0.31402.337
MinimumVisualStudioVersion = 10.0.40219.1
Project("{FAE04EC0-301F-11D3-BF4B-00C04F79EFBC}") = "BrainTreatmentTypePredictor", "BrainTreatmentTypePredictor\BrainTreatmentTypePredictor.csproj", "{26B93B4D-15A9-41C2-BF95-80A8553A7FF1}"
EndProject
Project("{FAE04EC0-301F-11D3-BF4B-00C04F79EFBC}") = "PluginRunner", "..\..\PluginRunner\PluginRunner\PluginRunner.csproj", "{A7B7F6CD-B634-4B9A-B37C-201102A4757C}"
EndProject
Project("{FAE04EC0-301F-11D3-BF4B-00C04F79EFBC}") = "EsapiDVHhelper", "..\DNOG tool\EsapiDVHhelper\EsapiDVHhelper.csproj", "{8C082C8C-E371-4380-BD34-9A642912E911}"
EndProject
Global
	GlobalSection(SolutionConfigurationPlatforms) = preSolution
		Debug|Any CPU = Debug|Any CPU
		Debug|x64 = Debug|x64
		Release|Any CPU = Release|Any CPU
		Release|x64 = Release|x64
	EndGlobalSection
	GlobalSection(ProjectConfigurationPlatforms) = postSolution
		{26B93B4D-15A9-41C2-BF95-80A8553A7FF1}.Debug|Any CPU.ActiveCfg = Debug|Any CPU
		{26B93B4D-15A9-41C2-BF95-80A8553A7FF1}.Debug|Any CPU.Build.0 = Debug|Any CPU
		{26B93B4D-15A9-41C2-BF95-80A8553A7FF1}.Debug|x64.ActiveCfg = Debug|x64
		{26B93B4D-15A9-41C2-BF95-80A8553A7FF1}.Debug|x64.Build.0 = Debug|x64
		{26B93B4D-15A9-41C2-BF95-80A8553A7FF1}.Release|Any CPU.ActiveCfg = Release|Any CPU
		{26B93B4D-15A9-41C2-BF95-80A8553A7FF1}.Release|Any CPU.Build.0 = Release|Any CPU
		{26B93B4D-15A9-41C2-BF95-80A8553A7FF1}.Release|x64.ActiveCfg = Release|x64
		{26B93B4D-15A9-41C2-BF95-80A8553A7FF1}.Release|x64.Build.0 = Release|x64
		{A7B7F6CD-B634-4B9A-B37C-201102A4757C}.Debug|Any CPU.ActiveCfg = Debug|Any CPU
		{A7B7F6CD-B634-4B9A-B37C-201102A4757C}.Debug|Any CPU.Build.0 = Debug|Any CPU
		{A7B7F6CD-B634-4B9A-B37C-201102A4757C}.Debug|x64.ActiveCfg = Debug|Any CPU
		{A7B7F6CD-B634-4B9A-B37C-201102A4757C}.Debug|x64.Build.0 = Debug|Any CPU
		{A7B7F6CD-B634-4B9A-B37C-201102A4757C}.Release|Any CPU.ActiveCfg = Release|Any CPU
		{A7B7F6CD-B634-4B9A-B37C-201102A4757C}.Release|Any CPU.Build.0 = Release|Any CPU
		{A7B7F6CD-B634-4B9A-B37C-201102A4757C}.Release|x64.ActiveCfg = Release|Any CPU
		{A7B7F6CD-B634-4B9A-B37C-201102A4757C}.Release|x64.Build.0 = Release|Any CPU
		{8C082C8C-E371-4380-BD34-9A642912E911}.Debug|Any CPU.ActiveCfg = Debug|Any CPU
		{8C082C8C-E371-4380-BD34-9A642912E911}.Debug|Any CPU.Build.0 = Debug|Any CPU
		{8C082C8C-E371-4380-BD34-9A642912E911}.Debug|x64.ActiveCfg = Debug|Any CPU
		{8C082C8C-E371-4380-BD34-9A642912E911}.Debug|x64.Build.0 = Debug|Any CPU
		{8C082C8C-E371-4380-BD34-9A642912E911}.Release|Any CPU.ActiveCfg = Release|Any CPU
		{8C082C8C-E371-4380-BD34-9A642912E911}.Release|Any CPU.Build.0 = Release|Any CPU
		{8C082C8C-E371-4380-BD34-9A642912E911}.Release|x64.ActiveCfg = Release|Any CPU
		{8C082C8C-E371-4380-BD34-9A642912E911}.Release|x64.Build.0 = Release|Any CPU
	EndGlobalSection
	GlobalSection(SolutionProperties) = preSolution
		HideSolutionNode = FALSE
	EndGlobalSection
	GlobalSection(ExtensibilityGlobals) = postSolution
		SolutionGuid = {D427A171-8B3B-41FA-B81D-A066AB023907}
	EndGlobalSection
EndGlobal
